
Microsoft Visual Studio Solution File, Format Version 12.00
# Visual Studio Version 17
VisualStudioVersion = 17.10.35027.167
MinimumVisualStudioVersion = 10.0.40219.1
Project("{FAE04EC0-301F-11D3-BF4B-00C04F79EFBC}") = "VertoDeveloperTest", "VertoDeveloperTest\VertoDeveloperTest.csproj", "{34793D0B-89C4-4B88-A4A8-BF7AD9AA38A9}"
EndProject
Global
	GlobalSection(SolutionConfigurationPlatforms) = preSolution
		Debug|Any CPU = Debug|Any CPU
		Release|Any CPU = Release|Any CPU
	EndGlobalSection
	GlobalSection(ProjectConfigurationPlatforms) = postSolution
		{34793D0B-89C4-4B88-A4A8-BF7AD9AA38A9}.Debug|Any CPU.ActiveCfg = Debug|Any CPU
		{34793D0B-89C4-4B88-A4A8-BF7AD9AA38A9}.Debug|Any CPU.Build.0 = Debug|Any CPU
		{34793D0B-89C4-4B88-A4A8-BF7AD9AA38A9}.Release|Any CPU.ActiveCfg = Release|Any CPU
		{34793D0B-89C4-4B88-A4A8-BF7AD9AA38A9}.Release|Any CPU.Build.0 = Release|Any CPU
	EndGlobalSection
	GlobalSection(SolutionProperties) = preSolution
		HideSolutionNode = FALSE
	EndGlobalSection
	GlobalSection(ExtensibilityGlobals) = postSolution
		SolutionGuid = {8A6D7AD6-04C5-415B-838C-94389EDE2332}
	EndGlobalSection
EndGlobal
